// !$*UTF8*$!
{
	archiveVersion = 1;
	classes = {
	};
	objectVersion = 56;
	objects = {

/* Begin PBXBuildFile section */
		1000000000000001 /* TunnelflareApp.swift in Sources */ = {isa = PBXBuildFile; fileRef = 2000000000000001 /* TunnelflareApp.swift */; };
		1000000000000002 /* AppDelegate.swift in Sources */ = {isa = PBXBuildFile; fileRef = 2000000000000002 /* AppDelegate.swift */; };
		1000000000000003 /* AppState.swift in Sources */ = {isa = PBXBuildFile; fileRef = 2000000000000003 /* AppState.swift */; };
		1000000000000010 /* Constants.swift in Sources */ = {isa = PBXBuildFile; fileRef = 2000000000000010 /* Constants.swift */; };
		1000000000000011 /* Logger.swift in Sources */ = {isa = PBXBuildFile; fileRef = 2000000000000011 /* Logger.swift */; };
		1000000000000012 /* AppSettings.swift in Sources */ = {isa = PBXBuildFile; fileRef = 2000000000000012 /* AppSettings.swift */; };
		1000000000000013 /* AppError.swift in Sources */ = {isa = PBXBuildFile; fileRef = 2000000000000013 /* AppError.swift */; };
		1000000000000014 /* ErrorHandler.swift in Sources */ = {isa = PBXBuildFile; fileRef = 2000000000000014 /* ErrorHandler.swift */; };
		1000000000000015 /* Debouncer.swift in Sources */ = {isa = PBXBuildFile; fileRef = 2000000000000015 /* Debouncer.swift */; };
		1000000000000020 /* CloudflareAPIClient.swift in Sources */ = {isa = PBXBuildFile; fileRef = 2000000000000020 /* CloudflareAPIClient.swift */; };
		1000000000000021 /* APIError.swift in Sources */ = {isa = PBXBuildFile; fileRef = 2000000000000021 /* APIError.swift */; };
		1000000000000022 /* Endpoint.swift in Sources */ = {isa = PBXBuildFile; fileRef = 2000000000000022 /* Endpoint.swift */; };
		1000000000000023 /* AuthEndpoints.swift in Sources */ = {isa = PBXBuildFile; fileRef = 2000000000000023 /* AuthEndpoints.swift */; };
		1000000000000024 /* AccountEndpoints.swift in Sources */ = {isa = PBXBuildFile; fileRef = 2000000000000024 /* AccountEndpoints.swift */; };
		1000000000000025 /* UserEndpoints.swift in Sources */ = {isa = PBXBuildFile; fileRef = 2000000000000025 /* UserEndpoints.swift */; };
		1000000000000026 /* TunnelEndpoints.swift in Sources */ = {isa = PBXBuildFile; fileRef = 2000000000000026 /* TunnelEndpoints.swift */; };
		1000000000000027 /* TunnelNameValidator.swift in Sources */ = {isa = PBXBuildFile; fileRef = 2000000000000027 /* TunnelNameValidator.swift */; };
		1000000000000030 /* APIResponse.swift in Sources */ = {isa = PBXBuildFile; fileRef = 2000000000000030 /* APIResponse.swift */; };
		1000000000000031 /* Account.swift in Sources */ = {isa = PBXBuildFile; fileRef = 2000000000000031 /* Account.swift */; };
		1000000000000032 /* User.swift in Sources */ = {isa = PBXBuildFile; fileRef = 2000000000000032 /* User.swift */; };
		1000000000000033 /* Tunnel.swift in Sources */ = {isa = PBXBuildFile; fileRef = 2000000000000033 /* Tunnel.swift */; };
		1000000000000034 /* Connection.swift in Sources */ = {isa = PBXBuildFile; fileRef = 2000000000000034 /* Connection.swift */; };
		1000000000000035 /* IngressRule.swift in Sources */ = {isa = PBXBuildFile; fileRef = 2000000000000035 /* IngressRule.swift */; };
		1000000000000040 /* AuthenticationManager.swift in Sources */ = {isa = PBXBuildFile; fileRef = 2000000000000040 /* AuthenticationManager.swift */; };
		1000000000000041 /* KeychainManager.swift in Sources */ = {isa = PBXBuildFile; fileRef = 2000000000000041 /* KeychainManager.swift */; };
		10000000000000A1 /* PKCE.swift in Sources */ = {isa = PBXBuildFile; fileRef = 20000000000000A1 /* PKCE.swift */; };
		10000000000000A2 /* OAuthModels.swift in Sources */ = {isa = PBXBuildFile; fileRef = 20000000000000A2 /* OAuthModels.swift */; };
		10000000000000A3 /* OAuthService.swift in Sources */ = {isa = PBXBuildFile; fileRef = 20000000000000A3 /* OAuthService.swift */; };
		1000000000000050 /* AuthViewModel.swift in Sources */ = {isa = PBXBuildFile; fileRef = 2000000000000050 /* AuthViewModel.swift */; };
		1000000000000051 /* LoginView.swift in Sources */ = {isa = PBXBuildFile; fileRef = 2000000000000051 /* LoginView.swift */; };
		1000000000000052 /* OrganizationSelectorView.swift in Sources */ = {isa = PBXBuildFile; fileRef = 2000000000000052 /* OrganizationSelectorView.swift */; };
		1000000000000060 /* MenuBarController.swift in Sources */ = {isa = PBXBuildFile; fileRef = 2000000000000060 /* MenuBarController.swift */; };
		1000000000000061 /* StatusIconManager.swift in Sources */ = {isa = PBXBuildFile; fileRef = 2000000000000061 /* StatusIconManager.swift */; };
		1000000000000062 /* MenuBarView.swift in Sources */ = {isa = PBXBuildFile; fileRef = 2000000000000062 /* MenuBarView.swift */; };
		1000000000000070 /* ProcessManager.swift in Sources */ = {isa = PBXBuildFile; fileRef = 2000000000000070 /* ProcessManager.swift */; };
		1000000000000071 /* TunnelRunner.swift in Sources */ = {isa = PBXBuildFile; fileRef = 2000000000000071 /* TunnelRunner.swift */; };
		1000000000000072 /* CloudflaredLocator.swift in Sources */ = {isa = PBXBuildFile; fileRef = 2000000000000072 /* CloudflaredLocator.swift */; };
		1000000000000073 /* HealthMonitor.swift in Sources */ = {isa = PBXBuildFile; fileRef = 2000000000000073 /* HealthMonitor.swift */; };
		1000000000000074 /* AutoReconnectService.swift in Sources */ = {isa = PBXBuildFile; fileRef = 2000000000000074 /* AutoReconnectService.swift */; };
		1000000000000075 /* ServiceContainer.swift in Sources */ = {isa = PBXBuildFile; fileRef = 2000000000000075 /* ServiceContainer.swift */; };
		1000000000000080 /* LogBuffer.swift in Sources */ = {isa = PBXBuildFile; fileRef = 2000000000000080 /* LogBuffer.swift */; };
		1000000000000081 /* LogEntry.swift in Sources */ = {isa = PBXBuildFile; fileRef = 2000000000000081 /* LogEntry.swift */; };
		1000000000000082 /* LogParser.swift in Sources */ = {isa = PBXBuildFile; fileRef = 2000000000000082 /* LogParser.swift */; };
		1000000000000083 /* LogStreamManager.swift in Sources */ = {isa = PBXBuildFile; fileRef = 2000000000000083 /* LogStreamManager.swift */; };
		1000000000000084 /* LogExporter.swift in Sources */ = {isa = PBXBuildFile; fileRef = 2000000000000084 /* LogExporter.swift */; };
		1000000000000085 /* NotificationService.swift in Sources */ = {isa = PBXBuildFile; fileRef = 2000000000000085 /* NotificationService.swift */; };
		1000000000000090 /* DashboardView.swift in Sources */ = {isa = PBXBuildFile; fileRef = 2000000000000090 /* DashboardView.swift */; };
		1000000000000091 /* DashboardViewModel.swift in Sources */ = {isa = PBXBuildFile; fileRef = 2000000000000091 /* DashboardViewModel.swift */; };
		1000000000000092 /* TunnelListView.swift in Sources */ = {isa = PBXBuildFile; fileRef = 2000000000000092 /* TunnelListView.swift */; };
		1000000000000093 /* TunnelRowView.swift in Sources */ = {isa = PBXBuildFile; fileRef = 2000000000000093 /* TunnelRowView.swift */; };
		1000000000000094 /* TunnelDetailView.swift in Sources */ = {isa = PBXBuildFile; fileRef = 2000000000000094 /* TunnelDetailView.swift */; };
		1000000000000095 /* TunnelListViewModel.swift in Sources */ = {isa = PBXBuildFile; fileRef = 2000000000000095 /* TunnelListViewModel.swift */; };
		1000000000000096 /* TunnelDetailViewModel.swift in Sources */ = {isa = PBXBuildFile; fileRef = 2000000000000096 /* TunnelDetailViewModel.swift */; };
		1000000000000100 /* Assets.xcassets in Resources */ = {isa = PBXBuildFile; fileRef = 2000000000000100 /* Assets.xcassets */; };
		1000000000000110 /* LogsView.swift in Sources */ = {isa = PBXBuildFile; fileRef = 2000000000000110 /* LogsView.swift */; };
		1000000000000111 /* LogEntryView.swift in Sources */ = {isa = PBXBuildFile; fileRef = 2000000000000111 /* LogEntryView.swift */; };
		1000000000000112 /* LogFilterView.swift in Sources */ = {isa = PBXBuildFile; fileRef = 2000000000000112 /* LogFilterView.swift */; };
		1000000000000113 /* LogsViewModel.swift in Sources */ = {isa = PBXBuildFile; fileRef = 2000000000000113 /* LogsViewModel.swift */; };
		1000000000000120 /* StatusIndicator.swift in Sources */ = {isa = PBXBuildFile; fileRef = 2000000000000120 /* StatusIndicator.swift */; };
		1000000000000121 /* LoadingView.swift in Sources */ = {isa = PBXBuildFile; fileRef = 2000000000000121 /* LoadingView.swift */; };
		1000000000000122 /* ErrorView.swift in Sources */ = {isa = PBXBuildFile; fileRef = 2000000000000122 /* ErrorView.swift */; };
		1000000000000130 /* SettingsView.swift in Sources */ = {isa = PBXBuildFile; fileRef = 2000000000000130 /* SettingsView.swift */; };
		1000000000000131 /* SettingsViewModel.swift in Sources */ = {isa = PBXBuildFile; fileRef = 2000000000000131 /* SettingsViewModel.swift */; };
		1000000000000140 /* TunnelWizardView.swift in Sources */ = {isa = PBXBuildFile; fileRef = 2000000000000140 /* TunnelWizardView.swift */; };
		1000000000000141 /* TunnelCreationViewModel.swift in Sources */ = {isa = PBXBuildFile; fileRef = 2000000000000141 /* TunnelCreationViewModel.swift */; };
		1100000000000001 /* TestHelpers.swift in Sources */ = {isa = PBXBuildFile; fileRef = 2100000000000001 /* TestHelpers.swift */; };
		1100000000000002 /* JSONFixtures.swift in Sources */ = {isa = PBXBuildFile; fileRef = 2100000000000002 /* JSONFixtures.swift */; };
		1100000000000003 /* APIModelTests.swift in Sources */ = {isa = PBXBuildFile; fileRef = 2100000000000003 /* APIModelTests.swift */; };
		1100000000000004 /* TunnelNameValidatorTests.swift in Sources */ = {isa = PBXBuildFile; fileRef = 2100000000000004 /* TunnelNameValidatorTests.swift */; };
		1100000000000005 /* KeychainManagerTests.swift in Sources */ = {isa = PBXBuildFile; fileRef = 2100000000000005 /* KeychainManagerTests.swift */; };
		1100000000000006 /* PKCETests.swift in Sources */ = {isa = PBXBuildFile; fileRef = 2100000000000006 /* PKCETests.swift */; };
		1100000000000007 /* OAuthKeychainTests.swift in Sources */ = {isa = PBXBuildFile; fileRef = 2100000000000007 /* OAuthKeychainTests.swift */; };
		134F48F3ABA0C8986337B315 /* Zone.swift in Sources */ = {isa = PBXBuildFile; fileRef = B7A04D1E88EA3762C09EF113 /* Zone.swift */; };
		1CC54B5B8B0470B7820EE151 /* ZoneEndpoints.swift in Sources */ = {isa = PBXBuildFile; fileRef = 5DE147E8B8AA1F8F7D16B6D7 /* ZoneEndpoints.swift */; };
		30E87D2971638C8E18BDFEC0 /* LogFileWriter.swift in Sources */ = {isa = PBXBuildFile; fileRef = BD1C3B54D244B6331A167602 /* LogFileWriter.swift */; };
		54D14025B60F02BC45EE2F3E /* Zone.swift in Sources */ = {isa = PBXBuildFile; fileRef = B7A04D1E88EA3762C09EF113 /* Zone.swift */; };
		D49374E92F1C55750083EA99 /* PageHeader.swift in Sources */ = {isa = PBXBuildFile; fileRef = D49374E82F1C55750083EA99 /* PageHeader.swift */; };
		D49913B62F1C752A0079F957 /* CloudflaredSetupView.swift in Sources */ = {isa = PBXBuildFile; fileRef = D49913B52F1C752A0079F957 /* CloudflaredSetupView.swift */; };
		D73C4D1887E2BBB7F078A17F /* ZoneEndpoints.swift in Sources */ = {isa = PBXBuildFile; fileRef = 5DE147E8B8AA1F8F7D16B6D7 /* ZoneEndpoints.swift */; };
		STORAGE001000001 /* TunnelStorageManager.swift in Sources */ = {isa = PBXBuildFile; fileRef = STORAGE002000001 /* TunnelStorageManager.swift */; };
		STORAGE001000003 /* TunnelDatabase.swift in Sources */ = {isa = PBXBuildFile; fileRef = STORAGE002000003 /* TunnelDatabase.swift */; };
/* End PBXBuildFile section */

/* Begin PBXContainerItemProxy section */
		A000000000000001 /* PBXContainerItemProxy */ = {
			isa = PBXContainerItemProxy;
			containerPortal = 8000000000000001 /* Project object */;
			proxyType = 1;
			remoteGlobalIDString = 6000000000000001;
			remoteInfo = Tunnelflare;
		};
/* End PBXContainerItemProxy section */

/* Begin PBXFileReference section */
		2000000000000001 /* TunnelflareApp.swift */ = {isa = PBXFileReference; lastKnownFileType = sourcecode.swift; path = TunnelflareApp.swift; sourceTree = "<group>"; };
		2000000000000002 /* AppDelegate.swift */ = {isa = PBXFileReference; lastKnownFileType = sourcecode.swift; path = AppDelegate.swift; sourceTree = "<group>"; };
		2000000000000003 /* AppState.swift */ = {isa = PBXFileReference; lastKnownFileType = sourcecode.swift; path = AppState.swift; sourceTree = "<group>"; };
		2000000000000010 /* Constants.swift */ = {isa = PBXFileReference; lastKnownFileType = sourcecode.swift; path = Constants.swift; sourceTree = "<group>"; };
		2000000000000011 /* Logger.swift */ = {isa = PBXFileReference; lastKnownFileType = sourcecode.swift; path = Logger.swift; sourceTree = "<group>"; };
		2000000000000012 /* AppSettings.swift */ = {isa = PBXFileReference; lastKnownFileType = sourcecode.swift; path = AppSettings.swift; sourceTree = "<group>"; };
		2000000000000013 /* AppError.swift */ = {isa = PBXFileReference; lastKnownFileType = sourcecode.swift; path = AppError.swift; sourceTree = "<group>"; };
		2000000000000014 /* ErrorHandler.swift */ = {isa = PBXFileReference; lastKnownFileType = sourcecode.swift; path = ErrorHandler.swift; sourceTree = "<group>"; };
		2000000000000015 /* Debouncer.swift */ = {isa = PBXFileReference; lastKnownFileType = sourcecode.swift; path = Debouncer.swift; sourceTree = "<group>"; };
		2000000000000020 /* CloudflareAPIClient.swift */ = {isa = PBXFileReference; lastKnownFileType = sourcecode.swift; path = CloudflareAPIClient.swift; sourceTree = "<group>"; };
		2000000000000021 /* APIError.swift */ = {isa = PBXFileReference; lastKnownFileType = sourcecode.swift; path = APIError.swift; sourceTree = "<group>"; };
		2000000000000022 /* Endpoint.swift */ = {isa = PBXFileReference; lastKnownFileType = sourcecode.swift; path = Endpoint.swift; sourceTree = "<group>"; };
		2000000000000023 /* AuthEndpoints.swift */ = {isa = PBXFileReference; lastKnownFileType = sourcecode.swift; path = AuthEndpoints.swift; sourceTree = "<group>"; };
		2000000000000024 /* AccountEndpoints.swift */ = {isa = PBXFileReference; lastKnownFileType = sourcecode.swift; path = AccountEndpoints.swift; sourceTree = "<group>"; };
		2000000000000025 /* UserEndpoints.swift */ = {isa = PBXFileReference; lastKnownFileType = sourcecode.swift; path = UserEndpoints.swift; sourceTree = "<group>"; };
		2000000000000026 /* TunnelEndpoints.swift */ = {isa = PBXFileReference; lastKnownFileType = sourcecode.swift; path = TunnelEndpoints.swift; sourceTree = "<group>"; };
		2000000000000027 /* TunnelNameValidator.swift */ = {isa = PBXFileReference; lastKnownFileType = sourcecode.swift; path = TunnelNameValidator.swift; sourceTree = "<group>"; };
		2000000000000030 /* APIResponse.swift */ = {isa = PBXFileReference; lastKnownFileType = sourcecode.swift; path = APIResponse.swift; sourceTree = "<group>"; };
		2000000000000031 /* Account.swift */ = {isa = PBXFileReference; lastKnownFileType = sourcecode.swift; path = Account.swift; sourceTree = "<group>"; };
		2000000000000032 /* User.swift */ = {isa = PBXFileReference; lastKnownFileType = sourcecode.swift; path = User.swift; sourceTree = "<group>"; };
		2000000000000033 /* Tunnel.swift */ = {isa = PBXFileReference; lastKnownFileType = sourcecode.swift; path = Tunnel.swift; sourceTree = "<group>"; };
		2000000000000034 /* Connection.swift */ = {isa = PBXFileReference; lastKnownFileType = sourcecode.swift; path = Connection.swift; sourceTree = "<group>"; };
		2000000000000035 /* IngressRule.swift */ = {isa = PBXFileReference; lastKnownFileType = sourcecode.swift; path = IngressRule.swift; sourceTree = "<group>"; };
		2000000000000040 /* AuthenticationManager.swift */ = {isa = PBXFileReference; lastKnownFileType = sourcecode.swift; path = AuthenticationManager.swift; sourceTree = "<group>"; };
		2000000000000041 /* KeychainManager.swift */ = {isa = PBXFileReference; lastKnownFileType = sourcecode.swift; path = KeychainManager.swift; sourceTree = "<group>"; };
		20000000000000A1 /* PKCE.swift */ = {isa = PBXFileReference; lastKnownFileType = sourcecode.swift; path = OAuth/PKCE.swift; sourceTree = "<group>"; };
		20000000000000A2 /* OAuthModels.swift */ = {isa = PBXFileReference; lastKnownFileType = sourcecode.swift; path = OAuth/OAuthModels.swift; sourceTree = "<group>"; };
		20000000000000A3 /* OAuthService.swift */ = {isa = PBXFileReference; lastKnownFileType = sourcecode.swift; path = OAuth/OAuthService.swift; sourceTree = "<group>"; };
		20000000000000B1 /* Secrets.xcconfig */ = {isa = PBXFileReference; lastKnownFileType = text.xcconfig; path = Secrets.xcconfig; sourceTree = "<group>"; };
		20000000000000B2 /* Secrets.example.xcconfig */ = {isa = PBXFileReference; lastKnownFileType = text.xcconfig; path = Secrets.example.xcconfig; sourceTree = "<group>"; };
		2000000000000050 /* AuthViewModel.swift */ = {isa = PBXFileReference; lastKnownFileType = sourcecode.swift; path = AuthViewModel.swift; sourceTree = "<group>"; };
		2000000000000051 /* LoginView.swift */ = {isa = PBXFileReference; lastKnownFileType = sourcecode.swift; path = LoginView.swift; sourceTree = "<group>"; };
		2000000000000052 /* OrganizationSelectorView.swift */ = {isa = PBXFileReference; lastKnownFileType = sourcecode.swift; path = OrganizationSelectorView.swift; sourceTree = "<group>"; };
		2000000000000060 /* MenuBarController.swift */ = {isa = PBXFileReference; lastKnownFileType = sourcecode.swift; path = MenuBarController.swift; sourceTree = "<group>"; };
		2000000000000061 /* StatusIconManager.swift */ = {isa = PBXFileReference; lastKnownFileType = sourcecode.swift; path = StatusIconManager.swift; sourceTree = "<group>"; };
		2000000000000062 /* MenuBarView.swift */ = {isa = PBXFileReference; lastKnownFileType = sourcecode.swift; path = MenuBarView.swift; sourceTree = "<group>"; };
		2000000000000070 /* ProcessManager.swift */ = {isa = PBXFileReference; lastKnownFileType = sourcecode.swift; path = ProcessManager.swift; sourceTree = "<group>"; };
		2000000000000071 /* TunnelRunner.swift */ = {isa = PBXFileReference; lastKnownFileType = sourcecode.swift; path = TunnelRunner.swift; sourceTree = "<group>"; };
		2000000000000072 /* CloudflaredLocator.swift */ = {isa = PBXFileReference; lastKnownFileType = sourcecode.swift; path = CloudflaredLocator.swift; sourceTree = "<group>"; };
		2000000000000073 /* HealthMonitor.swift */ = {isa = PBXFileReference; lastKnownFileType = sourcecode.swift; path = HealthMonitor.swift; sourceTree = "<group>"; };
		2000000000000074 /* AutoReconnectService.swift */ = {isa = PBXFileReference; lastKnownFileType = sourcecode.swift; path = AutoReconnectService.swift; sourceTree = "<group>"; };
		2000000000000075 /* ServiceContainer.swift */ = {isa = PBXFileReference; lastKnownFileType = sourcecode.swift; path = ServiceContainer.swift; sourceTree = "<group>"; };
		2000000000000080 /* LogBuffer.swift */ = {isa = PBXFileReference; lastKnownFileType = sourcecode.swift; path = LogBuffer.swift; sourceTree = "<group>"; };
		2000000000000081 /* LogEntry.swift */ = {isa = PBXFileReference; lastKnownFileType = sourcecode.swift; path = LogEntry.swift; sourceTree = "<group>"; };
		2000000000000082 /* LogParser.swift */ = {isa = PBXFileReference; lastKnownFileType = sourcecode.swift; path = LogParser.swift; sourceTree = "<group>"; };
		2000000000000083 /* LogStreamManager.swift */ = {isa = PBXFileReference; lastKnownFileType = sourcecode.swift; path = LogStreamManager.swift; sourceTree = "<group>"; };
		2000000000000084 /* LogExporter.swift */ = {isa = PBXFileReference; lastKnownFileType = sourcecode.swift; path = LogExporter.swift; sourceTree = "<group>"; };
		2000000000000085 /* NotificationService.swift */ = {isa = PBXFileReference; lastKnownFileType = sourcecode.swift; path = NotificationService.swift; sourceTree = "<group>"; };
		2000000000000090 /* DashboardView.swift */ = {isa = PBXFileReference; lastKnownFileType = sourcecode.swift; path = DashboardView.swift; sourceTree = "<group>"; };
		2000000000000091 /* DashboardViewModel.swift */ = {isa = PBXFileReference; lastKnownFileType = sourcecode.swift; path = DashboardViewModel.swift; sourceTree = "<group>"; };
		2000000000000092 /* TunnelListView.swift */ = {isa = PBXFileReference; lastKnownFileType = sourcecode.swift; path = TunnelListView.swift; sourceTree = "<group>"; };
		2000000000000093 /* TunnelRowView.swift */ = {isa = PBXFileReference; lastKnownFileType = sourcecode.swift; path = TunnelRowView.swift; sourceTree = "<group>"; };
		2000000000000094 /* TunnelDetailView.swift */ = {isa = PBXFileReference; lastKnownFileType = sourcecode.swift; path = TunnelDetailView.swift; sourceTree = "<group>"; };
		2000000000000095 /* TunnelListViewModel.swift */ = {isa = PBXFileReference; lastKnownFileType = sourcecode.swift; path = TunnelListViewModel.swift; sourceTree = "<group>"; };
		2000000000000096 /* TunnelDetailViewModel.swift */ = {isa = PBXFileReference; lastKnownFileType = sourcecode.swift; path = TunnelDetailViewModel.swift; sourceTree = "<group>"; };
		2000000000000100 /* Assets.xcassets */ = {isa = PBXFileReference; lastKnownFileType = folder.assetcatalog; path = Assets.xcassets; sourceTree = "<group>"; };
		2000000000000110 /* LogsView.swift */ = {isa = PBXFileReference; lastKnownFileType = sourcecode.swift; path = LogsView.swift; sourceTree = "<group>"; };
		2000000000000111 /* LogEntryView.swift */ = {isa = PBXFileReference; lastKnownFileType = sourcecode.swift; path = LogEntryView.swift; sourceTree = "<group>"; };
		2000000000000112 /* LogFilterView.swift */ = {isa = PBXFileReference; lastKnownFileType = sourcecode.swift; path = LogFilterView.swift; sourceTree = "<group>"; };
		2000000000000113 /* LogsViewModel.swift */ = {isa = PBXFileReference; lastKnownFileType = sourcecode.swift; path = LogsViewModel.swift; sourceTree = "<group>"; };
		2000000000000120 /* StatusIndicator.swift */ = {isa = PBXFileReference; lastKnownFileType = sourcecode.swift; path = StatusIndicator.swift; sourceTree = "<group>"; };
		2000000000000121 /* LoadingView.swift */ = {isa = PBXFileReference; lastKnownFileType = sourcecode.swift; path = LoadingView.swift; sourceTree = "<group>"; };
		2000000000000122 /* ErrorView.swift */ = {isa = PBXFileReference; lastKnownFileType = sourcecode.swift; path = ErrorView.swift; sourceTree = "<group>"; };
		2000000000000130 /* SettingsView.swift */ = {isa = PBXFileReference; lastKnownFileType = sourcecode.swift; path = SettingsView.swift; sourceTree = "<group>"; };
		2000000000000131 /* SettingsViewModel.swift */ = {isa = PBXFileReference; lastKnownFileType = sourcecode.swift; path = SettingsViewModel.swift; sourceTree = "<group>"; };
		2000000000000140 /* TunnelWizardView.swift */ = {isa = PBXFileReference; lastKnownFileType = sourcecode.swift; path = TunnelWizardView.swift; sourceTree = "<group>"; };
		2000000000000141 /* TunnelCreationViewModel.swift */ = {isa = PBXFileReference; lastKnownFileType = sourcecode.swift; path = TunnelCreationViewModel.swift; sourceTree = "<group>"; };
		2000000000000200 /* Info.plist */ = {isa = PBXFileReference; lastKnownFileType = text.plist.xml; path = Info.plist; sourceTree = "<group>"; };
		2000000000000201 /* Tunnelflare.entitlements */ = {isa = PBXFileReference; lastKnownFileType = text.plist.entitlements; path = Tunnelflare.entitlements; sourceTree = "<group>"; };
		2100000000000001 /* TestHelpers.swift */ = {isa = PBXFileReference; lastKnownFileType = sourcecode.swift; path = TestHelpers.swift; sourceTree = "<group>"; };
		2100000000000002 /* JSONFixtures.swift */ = {isa = PBXFileReference; lastKnownFileType = sourcecode.swift; path = JSONFixtures.swift; sourceTree = "<group>"; };
		2100000000000003 /* APIModelTests.swift */ = {isa = PBXFileReference; lastKnownFileType = sourcecode.swift; path = APIModelTests.swift; sourceTree = "<group>"; };
		2100000000000004 /* TunnelNameValidatorTests.swift */ = {isa = PBXFileReference; lastKnownFileType = sourcecode.swift; path = TunnelNameValidatorTests.swift; sourceTree = "<group>"; };
		2100000000000005 /* KeychainManagerTests.swift */ = {isa = PBXFileReference; lastKnownFileType = sourcecode.swift; path = KeychainManagerTests.swift; sourceTree = "<group>"; };
		2100000000000006 /* PKCETests.swift */ = {isa = PBXFileReference; lastKnownFileType = sourcecode.swift; path = PKCETests.swift; sourceTree = "<group>"; };
		2100000000000007 /* OAuthKeychainTests.swift */ = {isa = PBXFileReference; lastKnownFileType = sourcecode.swift; path = OAuthKeychainTests.swift; sourceTree = "<group>"; };
		3000000000000001 /* Tunnelflare.app */ = {isa = PBXFileReference; explicitFileType = wrapper.application; includeInIndex = 0; path = Tunnelflare.app; sourceTree = BUILT_PRODUCTS_DIR; };
		3000000000000002 /* TunnelflareTests.xctest */ = {isa = PBXFileReference; explicitFileType = wrapper.cfbundle; includeInIndex = 0; path = TunnelflareTests.xctest; sourceTree = BUILT_PRODUCTS_DIR; };
		5DE147E8B8AA1F8F7D16B6D7 /* ZoneEndpoints.swift */ = {isa = PBXFileReference; lastKnownFileType = sourcecode.swift; name = ZoneEndpoints.swift; path = Tunnelflare/Core/API/Endpoints/ZoneEndpoints.swift; sourceTree = SOURCE_ROOT; };
		B7A04D1E88EA3762C09EF113 /* Zone.swift */ = {isa = PBXFileReference; lastKnownFileType = sourcecode.swift; name = Zone.swift; path = Tunnelflare/Core/API/Models/Zone.swift; sourceTree = SOURCE_ROOT; };
		BD1C3B54D244B6331A167602 /* LogFileWriter.swift */ = {isa = PBXFileReference; includeInIndex = 1; lastKnownFileType = sourcecode.swift; path = LogFileWriter.swift; sourceTree = "<group>"; };
		D49374E82F1C55750083EA99 /* PageHeader.swift */ = {isa = PBXFileReference; lastKnownFileType = sourcecode.swift; path = PageHeader.swift; sourceTree = "<group>"; };
		D49913B52F1C752A0079F957 /* CloudflaredSetupView.swift */ = {isa = PBXFileReference; lastKnownFileType = sourcecode.swift; path = CloudflaredSetupView.swift; sourceTree = "<group>"; };
		STORAGE002000001 /* TunnelStorageManager.swift */ = {isa = PBXFileReference; lastKnownFileType = sourcecode.swift; path = TunnelStorageManager.swift; sourceTree = "<group>"; };
		STORAGE002000003 /* TunnelDatabase.swift */ = {isa = PBXFileReference; lastKnownFileType = sourcecode.swift; path = TunnelDatabase.swift; sourceTree = "<group>"; };
/* End PBXFileReference section */

/* Begin PBXFrameworksBuildPhase section */
		4000000000000001 /* Frameworks */ = {
			isa = PBXFrameworksBuildPhase;
			buildActionMask = 2147483647;
			files = (
			);
			runOnlyForDeploymentPostprocessing = 0;
		};
		4000000000000002 /* Frameworks */ = {
			isa = PBXFrameworksBuildPhase;
			buildActionMask = 2147483647;
			files = (
			);
			runOnlyForDeploymentPostprocessing = 0;
		};
/* End PBXFrameworksBuildPhase section */

/* Begin PBXGroup section */
		5000000000000001 = {
			isa = PBXGroup;
			children = (
				50000000000000B0 /* Config */,
				5000000000000002 /* Tunnelflare */,
				5100000000000001 /* TunnelflareTests */,
				5000000000000003 /* Products */,
				B7A04D1E88EA3762C09EF113 /* Zone.swift */,
				5DE147E8B8AA1F8F7D16B6D7 /* ZoneEndpoints.swift */,
			);
			sourceTree = "<group>";
		};
		50000000000000B0 /* Config */ = {
			isa = PBXGroup;
			children = (
				20000000000000B1 /* Secrets.xcconfig */,
				20000000000000B2 /* Secrets.example.xcconfig */,
			);
			path = Config;
			sourceTree = "<group>";
		};
		5000000000000002 /* Tunnelflare */ = {
			isa = PBXGroup;
			children = (
				5000000000000010 /* App */,
				5000000000000020 /* Core */,
				5000000000000030 /* Features */,
				5000000000000040 /* Shared */,
				5000000000000050 /* Resources */,
				2000000000000200 /* Info.plist */,
				2000000000000201 /* Tunnelflare.entitlements */,
			);
			path = Tunnelflare;
			sourceTree = "<group>";
		};
		5000000000000003 /* Products */ = {
			isa = PBXGroup;
			children = (
				3000000000000001 /* Tunnelflare.app */,
				3000000000000002 /* TunnelflareTests.xctest */,
			);
			name = Products;
			sourceTree = "<group>";
		};
		5000000000000010 /* App */ = {
			isa = PBXGroup;
			children = (
				2000000000000001 /* TunnelflareApp.swift */,
				2000000000000002 /* AppDelegate.swift */,
				2000000000000003 /* AppState.swift */,
			);
			path = App;
			sourceTree = "<group>";
		};
		5000000000000020 /* Core */ = {
			isa = PBXGroup;
			children = (
				5000000000000021 /* API */,
				5000000000000022 /* Auth */,
				5000000000000023 /* Process */,
				5000000000000024 /* Logs */,
				5000000000000025 /* Notifications */,
				STORAGE003000001 /* Storage */,
			);
			path = Core;
			sourceTree = "<group>";
		};
		5000000000000021 /* API */ = {
			isa = PBXGroup;
			children = (
				2000000000000020 /* CloudflareAPIClient.swift */,
				2000000000000021 /* APIError.swift */,
				2000000000000027 /* TunnelNameValidator.swift */,
				5000000000000026 /* Endpoints */,
				5000000000000027 /* Models */,
			);
			path = API;
			sourceTree = "<group>";
		};
		5000000000000022 /* Auth */ = {
			isa = PBXGroup;
			children = (
				2000000000000040 /* AuthenticationManager.swift */,
				2000000000000041 /* KeychainManager.swift */,
				20000000000000A1 /* PKCE.swift */,
				20000000000000A2 /* OAuthModels.swift */,
				20000000000000A3 /* OAuthService.swift */,
			);
			path = Auth;
			sourceTree = "<group>";
		};
		5000000000000023 /* Process */ = {
			isa = PBXGroup;
			children = (
				2000000000000070 /* ProcessManager.swift */,
				2000000000000071 /* TunnelRunner.swift */,
				2000000000000072 /* CloudflaredLocator.swift */,
				2000000000000073 /* HealthMonitor.swift */,
				2000000000000074 /* AutoReconnectService.swift */,
				2000000000000075 /* ServiceContainer.swift */,
			);
			path = Process;
			sourceTree = "<group>";
		};
		5000000000000024 /* Logs */ = {
			isa = PBXGroup;
			children = (
				2000000000000080 /* LogBuffer.swift */,
				2000000000000081 /* LogEntry.swift */,
				2000000000000082 /* LogParser.swift */,
				2000000000000083 /* LogStreamManager.swift */,
				2000000000000084 /* LogExporter.swift */,
				BD1C3B54D244B6331A167602 /* LogFileWriter.swift */,
			);
			path = Logs;
			sourceTree = "<group>";
		};
		5000000000000025 /* Notifications */ = {
			isa = PBXGroup;
			children = (
				2000000000000085 /* NotificationService.swift */,
			);
			path = Notifications;
			sourceTree = "<group>";
		};
		5000000000000026 /* Endpoints */ = {
			isa = PBXGroup;
			children = (
				2000000000000022 /* Endpoint.swift */,
				2000000000000023 /* AuthEndpoints.swift */,
				2000000000000024 /* AccountEndpoints.swift */,
				2000000000000025 /* UserEndpoints.swift */,
				2000000000000026 /* TunnelEndpoints.swift */,
			);
			path = Endpoints;
			sourceTree = "<group>";
		};
		5000000000000027 /* Models */ = {
			isa = PBXGroup;
			children = (
				2000000000000030 /* APIResponse.swift */,
				2000000000000031 /* Account.swift */,
				2000000000000032 /* User.swift */,
				2000000000000033 /* Tunnel.swift */,
				2000000000000034 /* Connection.swift */,
				2000000000000035 /* IngressRule.swift */,
			);
			path = Models;
			sourceTree = "<group>";
		};
		5000000000000030 /* Features */ = {
			isa = PBXGroup;
			children = (
				5000000000000031 /* MenuBar */,
				5000000000000032 /* Dashboard */,
				5000000000000033 /* Logs */,
				5000000000000034 /* Settings */,
				5000000000000035 /* Auth */,
				5000000000000036 /* TunnelCreation */,
			);
			path = Features;
			sourceTree = "<group>";
		};
		5000000000000031 /* MenuBar */ = {
			isa = PBXGroup;
			children = (
				2000000000000060 /* MenuBarController.swift */,
				2000000000000061 /* StatusIconManager.swift */,
				2000000000000062 /* MenuBarView.swift */,
			);
			path = MenuBar;
			sourceTree = "<group>";
		};
		5000000000000032 /* Dashboard */ = {
			isa = PBXGroup;
			children = (
				5000000000000060 /* Views */,
				5000000000000061 /* ViewModels */,
			);
			path = Dashboard;
			sourceTree = "<group>";
		};
		5000000000000033 /* Logs */ = {
			isa = PBXGroup;
			children = (
				5000000000000062 /* Views */,
				5000000000000063 /* ViewModels */,
			);
			path = Logs;
			sourceTree = "<group>";
		};
		5000000000000034 /* Settings */ = {
			isa = PBXGroup;
			children = (
				5000000000000064 /* Views */,
				5000000000000065 /* ViewModels */,
			);
			path = Settings;
			sourceTree = "<group>";
		};
		5000000000000035 /* Auth */ = {
			isa = PBXGroup;
			children = (
				5000000000000066 /* Views */,
				5000000000000067 /* ViewModels */,
			);
			path = Auth;
			sourceTree = "<group>";
		};
		5000000000000036 /* TunnelCreation */ = {
			isa = PBXGroup;
			children = (
				5000000000000068 /* Views */,
				5000000000000069 /* ViewModels */,
			);
			path = TunnelCreation;
			sourceTree = "<group>";
		};
		5000000000000040 /* Shared */ = {
			isa = PBXGroup;
			children = (
				5000000000000041 /* Components */,
				5000000000000042 /* Extensions */,
				5000000000000043 /* Utilities */,
			);
			path = Shared;
			sourceTree = "<group>";
		};
		5000000000000041 /* Components */ = {
			isa = PBXGroup;
			children = (
				D49374E82F1C55750083EA99 /* PageHeader.swift */,
				2000000000000120 /* StatusIndicator.swift */,
				2000000000000121 /* LoadingView.swift */,
				2000000000000122 /* ErrorView.swift */,
			);
			path = Components;
			sourceTree = "<group>";
		};
		5000000000000042 /* Extensions */ = {
			isa = PBXGroup;
			children = (
			);
			path = Extensions;
			sourceTree = "<group>";
		};
		5000000000000043 /* Utilities */ = {
			isa = PBXGroup;
			children = (
				2000000000000010 /* Constants.swift */,
				2000000000000011 /* Logger.swift */,
				2000000000000012 /* AppSettings.swift */,
				2000000000000013 /* AppError.swift */,
				2000000000000014 /* ErrorHandler.swift */,
				2000000000000015 /* Debouncer.swift */,
			);
			path = Utilities;
			sourceTree = "<group>";
		};
		5000000000000050 /* Resources */ = {
			isa = PBXGroup;
			children = (
				2000000000000100 /* Assets.xcassets */,
			);
			path = Resources;
			sourceTree = "<group>";
		};
		5000000000000060 /* Views */ = {
			isa = PBXGroup;
			children = (
				2000000000000090 /* DashboardView.swift */,
				2000000000000092 /* TunnelListView.swift */,
				2000000000000093 /* TunnelRowView.swift */,
				2000000000000094 /* TunnelDetailView.swift */,
			);
			path = Views;
			sourceTree = "<group>";
		};
		5000000000000061 /* ViewModels */ = {
			isa = PBXGroup;
			children = (
				2000000000000091 /* DashboardViewModel.swift */,
				2000000000000095 /* TunnelListViewModel.swift */,
				2000000000000096 /* TunnelDetailViewModel.swift */,
			);
			path = ViewModels;
			sourceTree = "<group>";
		};
		5000000000000062 /* Views */ = {
			isa = PBXGroup;
			children = (
				2000000000000110 /* LogsView.swift */,
				2000000000000111 /* LogEntryView.swift */,
				2000000000000112 /* LogFilterView.swift */,
			);
			path = Views;
			sourceTree = "<group>";
		};
		5000000000000063 /* ViewModels */ = {
			isa = PBXGroup;
			children = (
				2000000000000113 /* LogsViewModel.swift */,
			);
			path = ViewModels;
			sourceTree = "<group>";
		};
		5000000000000064 /* Views */ = {
			isa = PBXGroup;
			children = (
				2000000000000130 /* SettingsView.swift */,
			);
			path = Views;
			sourceTree = "<group>";
		};
		5000000000000065 /* ViewModels */ = {
			isa = PBXGroup;
			children = (
				2000000000000131 /* SettingsViewModel.swift */,
			);
			path = ViewModels;
			sourceTree = "<group>";
		};
		5000000000000066 /* Views */ = {
			isa = PBXGroup;
			children = (
				D49913B52F1C752A0079F957 /* CloudflaredSetupView.swift */,
				2000000000000051 /* LoginView.swift */,
				2000000000000052 /* OrganizationSelectorView.swift */,
			);
			path = Views;
			sourceTree = "<group>";
		};
		5000000000000067 /* ViewModels */ = {
			isa = PBXGroup;
			children = (
				2000000000000050 /* AuthViewModel.swift */,
			);
			path = ViewModels;
			sourceTree = "<group>";
		};
		5000000000000068 /* Views */ = {
			isa = PBXGroup;
			children = (
				2000000000000140 /* TunnelWizardView.swift */,
			);
			path = Views;
			sourceTree = "<group>";
		};
		5000000000000069 /* ViewModels */ = {
			isa = PBXGroup;
			children = (
				2000000000000141 /* TunnelCreationViewModel.swift */,
			);
			path = ViewModels;
			sourceTree = "<group>";
		};
		5100000000000001 /* TunnelflareTests */ = {
			isa = PBXGroup;
			children = (
				2100000000000001 /* TestHelpers.swift */,
				2100000000000003 /* APIModelTests.swift */,
				2100000000000004 /* TunnelNameValidatorTests.swift */,
				2100000000000005 /* KeychainManagerTests.swift */,
				2100000000000006 /* PKCETests.swift */,
				2100000000000007 /* OAuthKeychainTests.swift */,
				5100000000000002 /* Fixtures */,
			);
			path = TunnelflareTests;
			sourceTree = "<group>";
		};
		5100000000000002 /* Fixtures */ = {
			isa = PBXGroup;
			children = (
				2100000000000002 /* JSONFixtures.swift */,
			);
			path = Fixtures;
			sourceTree = "<group>";
		};
		STORAGE003000001 /* Storage */ = {
			isa = PBXGroup;
			children = (
				STORAGE002000001 /* TunnelStorageManager.swift */,
				STORAGE002000003 /* TunnelDatabase.swift */,
			);
			path = Storage;
			sourceTree = "<group>";
		};
/* End PBXGroup section */

/* Begin PBXNativeTarget section */
		6000000000000001 /* Tunnelflare */ = {
			isa = PBXNativeTarget;
			buildConfigurationList = 7000000000000003 /* Build configuration list for PBXNativeTarget "Tunnelflare" */;
			buildPhases = (
				6000000000000002 /* Sources */,
				4000000000000001 /* Frameworks */,
				6000000000000003 /* Resources */,
			);
			buildRules = (
			);
			dependencies = (
			);
			name = Tunnelflare;
			productName = Tunnelflare;
			productReference = 3000000000000001 /* Tunnelflare.app */;
			productType = "com.apple.product-type.application";
		};
		6000000000000010 /* TunnelflareTests */ = {
			isa = PBXNativeTarget;
			buildConfigurationList = 7000000000000004 /* Build configuration list for PBXNativeTarget "TunnelflareTests" */;
			buildPhases = (
				6000000000000011 /* Sources */,
				4000000000000002 /* Frameworks */,
				6000000000000012 /* Resources */,
			);
			buildRules = (
			);
			dependencies = (
				A000000000000002 /* PBXTargetDependency */,
			);
			name = TunnelflareTests;
			productName = TunnelflareTests;
			productReference = 3000000000000002 /* TunnelflareTests.xctest */;
			productType = "com.apple.product-type.bundle.unit-test";
		};
/* End PBXNativeTarget section */

/* Begin PBXProject section */
		8000000000000001 /* Project object */ = {
			isa = PBXProject;
			attributes = {
				BuildIndependentTargetsInParallel = 1;
				LastSwiftUpdateCheck = 1500;
				LastUpgradeCheck = 1500;
				TargetAttributes = {
					6000000000000001 = {
						CreatedOnToolsVersion = 15.0;
					};
					6000000000000010 = {
						CreatedOnToolsVersion = 15.0;
						TestTargetID = 6000000000000001;
					};
				};
			};
			buildConfigurationList = 7000000000000001 /* Build configuration list for PBXProject "Tunnelflare" */;
			compatibilityVersion = "Xcode 14.0";
			developmentRegion = en;
			hasScannedForEncodings = 0;
			knownRegions = (
				en,
				Base,
			);
			mainGroup = 5000000000000001;
			productRefGroup = 5000000000000003 /* Products */;
			projectDirPath = "";
			projectRoot = "";
			targets = (
				6000000000000001 /* Tunnelflare */,
				6000000000000010 /* TunnelflareTests */,
			);
		};
/* End PBXProject section */

/* Begin PBXResourcesBuildPhase section */
		6000000000000003 /* Resources */ = {
			isa = PBXResourcesBuildPhase;
			buildActionMask = 2147483647;
			files = (
				1000000000000100 /* Assets.xcassets in Resources */,
			);
			runOnlyForDeploymentPostprocessing = 0;
		};
		6000000000000012 /* Resources */ = {
			isa = PBXResourcesBuildPhase;
			buildActionMask = 2147483647;
			files = (
			);
			runOnlyForDeploymentPostprocessing = 0;
		};
/* End PBXResourcesBuildPhase section */

/* Begin PBXSourcesBuildPhase section */
		6000000000000002 /* Sources */ = {
			isa = PBXSourcesBuildPhase;
			buildActionMask = 2147483647;
			files = (
				1000000000000001 /* TunnelflareApp.swift in Sources */,
				1000000000000002 /* AppDelegate.swift in Sources */,
				1000000000000003 /* AppState.swift in Sources */,
				1000000000000010 /* Constants.swift in Sources */,
				1000000000000011 /* Logger.swift in Sources */,
				1000000000000012 /* AppSettings.swift in Sources */,
				1000000000000013 /* AppError.swift in Sources */,
				1000000000000014 /* ErrorHandler.swift in Sources */,
				1000000000000015 /* Debouncer.swift in Sources */,
				1000000000000020 /* CloudflareAPIClient.swift in Sources */,
				1000000000000021 /* APIError.swift in Sources */,
				1000000000000022 /* Endpoint.swift in Sources */,
				1000000000000023 /* AuthEndpoints.swift in Sources */,
				1000000000000024 /* AccountEndpoints.swift in Sources */,
				1000000000000025 /* UserEndpoints.swift in Sources */,
				1000000000000026 /* TunnelEndpoints.swift in Sources */,
				1000000000000027 /* TunnelNameValidator.swift in Sources */,
				1000000000000030 /* APIResponse.swift in Sources */,
				1000000000000031 /* Account.swift in Sources */,
				1000000000000032 /* User.swift in Sources */,
				1000000000000033 /* Tunnel.swift in Sources */,
				1000000000000034 /* Connection.swift in Sources */,
				1000000000000035 /* IngressRule.swift in Sources */,
				1000000000000040 /* AuthenticationManager.swift in Sources */,
				1000000000000041 /* KeychainManager.swift in Sources */,
				10000000000000A1 /* PKCE.swift in Sources */,
				10000000000000A2 /* OAuthModels.swift in Sources */,
				10000000000000A3 /* OAuthService.swift in Sources */,
				1000000000000050 /* AuthViewModel.swift in Sources */,
				1000000000000051 /* LoginView.swift in Sources */,
				1000000000000052 /* OrganizationSelectorView.swift in Sources */,
				1000000000000060 /* MenuBarController.swift in Sources */,
				1000000000000061 /* StatusIconManager.swift in Sources */,
				D49913B62F1C752A0079F957 /* CloudflaredSetupView.swift in Sources */,
				1000000000000062 /* MenuBarView.swift in Sources */,
				1000000000000070 /* ProcessManager.swift in Sources */,
				1000000000000071 /* TunnelRunner.swift in Sources */,
				D49374E92F1C55750083EA99 /* PageHeader.swift in Sources */,
				1000000000000072 /* CloudflaredLocator.swift in Sources */,
				1000000000000073 /* HealthMonitor.swift in Sources */,
				1000000000000074 /* AutoReconnectService.swift in Sources */,
				1000000000000075 /* ServiceContainer.swift in Sources */,
				1000000000000080 /* LogBuffer.swift in Sources */,
				1000000000000081 /* LogEntry.swift in Sources */,
				1000000000000082 /* LogParser.swift in Sources */,
				1000000000000083 /* LogStreamManager.swift in Sources */,
				1000000000000084 /* LogExporter.swift in Sources */,
				1000000000000085 /* NotificationService.swift in Sources */,
				1000000000000090 /* DashboardView.swift in Sources */,
				1000000000000091 /* DashboardViewModel.swift in Sources */,
				1000000000000092 /* TunnelListView.swift in Sources */,
				1000000000000093 /* TunnelRowView.swift in Sources */,
				1000000000000094 /* TunnelDetailView.swift in Sources */,
				1000000000000095 /* TunnelListViewModel.swift in Sources */,
				1000000000000096 /* TunnelDetailViewModel.swift in Sources */,
				1000000000000110 /* LogsView.swift in Sources */,
				1000000000000111 /* LogEntryView.swift in Sources */,
				1000000000000112 /* LogFilterView.swift in Sources */,
				1000000000000113 /* LogsViewModel.swift in Sources */,
				1000000000000120 /* StatusIndicator.swift in Sources */,
				1000000000000121 /* LoadingView.swift in Sources */,
				1000000000000122 /* ErrorView.swift in Sources */,
				1000000000000130 /* SettingsView.swift in Sources */,
				1000000000000131 /* SettingsViewModel.swift in Sources */,
				1000000000000140 /* TunnelWizardView.swift in Sources */,
				1000000000000141 /* TunnelCreationViewModel.swift in Sources */,
				134F48F3ABA0C8986337B315 /* Zone.swift in Sources */,
				1CC54B5B8B0470B7820EE151 /* ZoneEndpoints.swift in Sources */,
				30E87D2971638C8E18BDFEC0 /* LogFileWriter.swift in Sources */,
				STORAGE001000001 /* TunnelStorageManager.swift in Sources */,
				STORAGE001000003 /* TunnelDatabase.swift in Sources */,
			);
			runOnlyForDeploymentPostprocessing = 0;
		};
		6000000000000011 /* Sources */ = {
			isa = PBXSourcesBuildPhase;
			buildActionMask = 2147483647;
			files = (
				1100000000000001 /* TestHelpers.swift in Sources */,
				1100000000000002 /* JSONFixtures.swift in Sources */,
				1100000000000003 /* APIModelTests.swift in Sources */,
				1100000000000004 /* TunnelNameValidatorTests.swift in Sources */,
				1100000000000005 /* KeychainManagerTests.swift in Sources */,
				1100000000000006 /* PKCETests.swift in Sources */,
				1100000000000007 /* OAuthKeychainTests.swift in Sources */,
			);
			runOnlyForDeploymentPostprocessing = 0;
		};
/* End PBXSourcesBuildPhase section */

/* Begin PBXTargetDependency section */
		A000000000000002 /* PBXTargetDependency */ = {
			isa = PBXTargetDependency;
			target = 6000000000000001 /* Tunnelflare */;
			targetProxy = A000000000000001 /* PBXContainerItemProxy */;
		};
/* End PBXTargetDependency section */

/* Begin XCBuildConfiguration section */
		9000000000000001 /* Debug */ = {
			isa = XCBuildConfiguration;
			buildSettings = {
				ALWAYS_SEARCH_USER_PATHS = NO;
				ASSETCATALOG_COMPILER_GENERATE_SWIFT_ASSET_SYMBOL_EXTENSIONS = YES;
				CLANG_ANALYZER_NONNULL = YES;
				CLANG_ANALYZER_NUMBER_OBJECT_CONVERSION = YES_AGGRESSIVE;
				CLANG_CXX_LANGUAGE_STANDARD = "gnu++20";
				CLANG_ENABLE_MODULES = YES;
				CLANG_ENABLE_OBJC_ARC = YES;
				CLANG_ENABLE_OBJC_WEAK = YES;
				CLANG_WARN_BLOCK_CAPTURE_AUTORELEASING = YES;
				CLANG_WARN_BOOL_CONVERSION = YES;
				CLANG_WARN_COMMA = YES;
				CLANG_WARN_CONSTANT_CONVERSION = YES;
				CLANG_WARN_DEPRECATED_OBJC_IMPLEMENTATIONS = YES;
				CLANG_WARN_DIRECT_OBJC_ISA_USAGE = YES_ERROR;
				CLANG_WARN_DOCUMENTATION_COMMENTS = YES;
				CLANG_WARN_EMPTY_BODY = YES;
				CLANG_WARN_ENUM_CONVERSION = YES;
				CLANG_WARN_INFINITE_RECURSION = YES;
				CLANG_WARN_INT_CONVERSION = YES;
				CLANG_WARN_NON_LITERAL_NULL_CONVERSION = YES;
				CLANG_WARN_OBJC_IMPLICIT_RETAIN_SELF = YES;
				CLANG_WARN_OBJC_LITERAL_CONVERSION = YES;
				CLANG_WARN_OBJC_ROOT_CLASS = YES_ERROR;
				CLANG_WARN_QUOTED_INCLUDE_IN_FRAMEWORK_HEADER = YES;
				CLANG_WARN_RANGE_LOOP_ANALYSIS = YES;
				CLANG_WARN_STRICT_PROTOTYPES = YES;
				CLANG_WARN_SUSPICIOUS_MOVE = YES;
				CLANG_WARN_UNGUARDED_AVAILABILITY = YES_AGGRESSIVE;
				CLANG_WARN_UNREACHABLE_CODE = YES;
				CLANG_WARN__DUPLICATE_METHOD_MATCH = YES;
				COPY_PHASE_STRIP = NO;
				DEBUG_INFORMATION_FORMAT = dwarf;
				ENABLE_STRICT_OBJC_MSGSEND = YES;
				ENABLE_TESTABILITY = YES;
				ENABLE_USER_SCRIPT_SANDBOXING = YES;
				GCC_C_LANGUAGE_STANDARD = gnu17;
				GCC_DYNAMIC_NO_PIC = NO;
				GCC_NO_COMMON_BLOCKS = YES;
				GCC_OPTIMIZATION_LEVEL = 0;
				GCC_PREPROCESSOR_DEFINITIONS = (
					"DEBUG=1",
					"$(inherited)",
				);
				GCC_WARN_64_TO_32_BIT_CONVERSION = YES;
				GCC_WARN_ABOUT_RETURN_TYPE = YES_ERROR;
				GCC_WARN_UNDECLARED_SELECTOR = YES;
				GCC_WARN_UNINITIALIZED_AUTOS = YES_AGGRESSIVE;
				GCC_WARN_UNUSED_FUNCTION = YES;
				GCC_WARN_UNUSED_VARIABLE = YES;
				LOCALIZATION_PREFERS_STRING_CATALOGS = YES;
				MACOSX_DEPLOYMENT_TARGET = 14.0;
				MTL_ENABLE_DEBUG_INFO = INCLUDE_SOURCE;
				MTL_FAST_MATH = YES;
				ONLY_ACTIVE_ARCH = YES;
				SDKROOT = macosx;
				SWIFT_ACTIVE_COMPILATION_CONDITIONS = "DEBUG $(inherited)";
				SWIFT_OPTIMIZATION_LEVEL = "-Onone";
				SWIFT_VERSION = 5.0;
			};
			name = Debug;
		};
		9000000000000002 /* Release */ = {
			isa = XCBuildConfiguration;
			buildSettings = {
				ALWAYS_SEARCH_USER_PATHS = NO;
				ASSETCATALOG_COMPILER_GENERATE_SWIFT_ASSET_SYMBOL_EXTENSIONS = YES;
				CLANG_ANALYZER_NONNULL = YES;
				CLANG_ANALYZER_NUMBER_OBJECT_CONVERSION = YES_AGGRESSIVE;
				CLANG_CXX_LANGUAGE_STANDARD = "gnu++20";
				CLANG_ENABLE_MODULES = YES;
				CLANG_ENABLE_OBJC_ARC = YES;
				CLANG_ENABLE_OBJC_WEAK = YES;
				CLANG_WARN_BLOCK_CAPTURE_AUTORELEASING = YES;
				CLANG_WARN_BOOL_CONVERSION = YES;
				CLANG_WARN_COMMA = YES;
				CLANG_WARN_CONSTANT_CONVERSION = YES;
				CLANG_WARN_DEPRECATED_OBJC_IMPLEMENTATIONS = YES;
				CLANG_WARN_DIRECT_OBJC_ISA_USAGE = YES_ERROR;
				CLANG_WARN_DOCUMENTATION_COMMENTS = YES;
				CLANG_WARN_EMPTY_BODY = YES;
				CLANG_WARN_ENUM_CONVERSION = YES;
				CLANG_WARN_INFINITE_RECURSION = YES;
				CLANG_WARN_INT_CONVERSION = YES;
				CLANG_WARN_NON_LITERAL_NULL_CONVERSION = YES;
				CLANG_WARN_OBJC_IMPLICIT_RETAIN_SELF = YES;
				CLANG_WARN_OBJC_LITERAL_CONVERSION = YES;
				CLANG_WARN_OBJC_ROOT_CLASS = YES_ERROR;
				CLANG_WARN_QUOTED_INCLUDE_IN_FRAMEWORK_HEADER = YES;
				CLANG_WARN_RANGE_LOOP_ANALYSIS = YES;
				CLANG_WARN_STRICT_PROTOTYPES = YES;
				CLANG_WARN_SUSPICIOUS_MOVE = YES;
				CLANG_WARN_UNGUARDED_AVAILABILITY = YES_AGGRESSIVE;
				CLANG_WARN_UNREACHABLE_CODE = YES;
				CLANG_WARN__DUPLICATE_METHOD_MATCH = YES;
				COPY_PHASE_STRIP = NO;
				DEBUG_INFORMATION_FORMAT = "dwarf-with-dsym";
				ENABLE_NS_ASSERTIONS = NO;
				ENABLE_STRICT_OBJC_MSGSEND = YES;
				ENABLE_USER_SCRIPT_SANDBOXING = YES;
				GCC_C_LANGUAGE_STANDARD = gnu17;
				GCC_NO_COMMON_BLOCKS = YES;
				GCC_WARN_64_TO_32_BIT_CONVERSION = YES;
				GCC_WARN_ABOUT_RETURN_TYPE = YES_ERROR;
				GCC_WARN_UNDECLARED_SELECTOR = YES;
				GCC_WARN_UNINITIALIZED_AUTOS = YES_AGGRESSIVE;
				GCC_WARN_UNUSED_FUNCTION = YES;
				GCC_WARN_UNUSED_VARIABLE = YES;
				LOCALIZATION_PREFERS_STRING_CATALOGS = YES;
				MACOSX_DEPLOYMENT_TARGET = 14.0;
				MTL_ENABLE_DEBUG_INFO = NO;
				MTL_FAST_MATH = YES;
				SDKROOT = macosx;
				SWIFT_COMPILATION_MODE = wholemodule;
				SWIFT_VERSION = 5.0;
			};
			name = Release;
		};
		9000000000000003 /* Debug */ = {
			isa = XCBuildConfiguration;
			baseConfigurationReference = 20000000000000B1 /* Secrets.xcconfig */;
			buildSettings = {
				ARCHS = "$(ARCHS_STANDARD)";
				ASSETCATALOG_COMPILER_APPICON_NAME = AppIcon;
				ASSETCATALOG_COMPILER_GLOBAL_ACCENT_COLOR_NAME = AccentColor;
				CODE_SIGN_ENTITLEMENTS = Tunnelflare/Tunnelflare.entitlements;
				"CODE_SIGN_IDENTITY[sdk=macosx*]" = "Apple Development";
				CODE_SIGN_STYLE = Automatic;
				COMBINE_HIDPI_IMAGES = YES;
				CURRENT_PROJECT_VERSION = 1;
				DEVELOPMENT_TEAM = 75AJ5DLWK9;
				ENABLE_HARDENED_RUNTIME = YES;
				GENERATE_INFOPLIST_FILE = NO;
				INFOPLIST_FILE = Tunnelflare/Info.plist;
				INFOPLIST_KEY_CFBundleDisplayName = Tunnelflare;
				INFOPLIST_KEY_LSApplicationCategoryType = "public.app-category.developer-tools";
				INFOPLIST_KEY_NSHumanReadableCopyright = "Copyright 2026. All rights reserved.";
				LD_RUNPATH_SEARCH_PATHS = (
					"$(inherited)",
					"@executable_path/../Frameworks",
				);
				LIBRARY_SEARCH_PATHS = (
					"$(SRCROOT)/Tunnelflare/Core/API/Models",
					"$(SRCROOT)/Tunnelflare/Core/API/Endpoints",
				);
				MARKETING_VERSION = 1.0.0;
				PRODUCT_BUNDLE_IDENTIFIER = com.tunnelflare;
				PRODUCT_NAME = "$(TARGET_NAME)";
				SWIFT_EMIT_LOC_STRINGS = YES;
				SWIFT_VERSION = 5.0;
			};
			name = Debug;
		};
		9000000000000004 /* Release */ = {
			isa = XCBuildConfiguration;
			baseConfigurationReference = 20000000000000B1 /* Secrets.xcconfig */;
			buildSettings = {
				ARCHS = "$(ARCHS_STANDARD)";
				ASSETCATALOG_COMPILER_APPICON_NAME = AppIcon;
				ASSETCATALOG_COMPILER_GLOBAL_ACCENT_COLOR_NAME = AccentColor;
				CODE_SIGN_ENTITLEMENTS = Tunnelflare/Tunnelflare.entitlements;
				"CODE_SIGN_IDENTITY[sdk=macosx*]" = "Apple Development";
				CODE_SIGN_STYLE = Automatic;
				COMBINE_HIDPI_IMAGES = YES;
				CURRENT_PROJECT_VERSION = 1;
				DEVELOPMENT_TEAM = 75AJ5DLWK9;
				ENABLE_HARDENED_RUNTIME = YES;
				GENERATE_INFOPLIST_FILE = NO;
				INFOPLIST_FILE = Tunnelflare/Info.plist;
				INFOPLIST_KEY_CFBundleDisplayName = Tunnelflare;
				INFOPLIST_KEY_LSApplicationCategoryType = "public.app-category.developer-tools";
				INFOPLIST_KEY_NSHumanReadableCopyright = "Copyright 2026. All rights reserved.";
				LD_RUNPATH_SEARCH_PATHS = (
					"$(inherited)",
					"@executable_path/../Frameworks",
				);
				LIBRARY_SEARCH_PATHS = (
					"$(SRCROOT)/Tunnelflare/Core/API/Models",
					"$(SRCROOT)/Tunnelflare/Core/API/Endpoints",
				);
				MARKETING_VERSION = 1.0.0;
				PRODUCT_BUNDLE_IDENTIFIER = com.tunnelflare;
				PRODUCT_NAME = "$(TARGET_NAME)";
				SWIFT_EMIT_LOC_STRINGS = YES;
				SWIFT_VERSION = 5.0;
			};
			name = Release;
		};
		9000000000000005 /* Debug */ = {
			isa = XCBuildConfiguration;
			buildSettings = {
				BUNDLE_LOADER = "$(TEST_HOST)";
				CODE_SIGN_STYLE = Automatic;
				CURRENT_PROJECT_VERSION = 1;
				DEVELOPMENT_TEAM = "";
				GENERATE_INFOPLIST_FILE = YES;
				LIBRARY_SEARCH_PATHS = (
					"$(SRCROOT)/Tunnelflare/Core/API/Models",
					"$(SRCROOT)/Tunnelflare/Core/API/Endpoints",
				);
				MACOSX_DEPLOYMENT_TARGET = 14.0;
				MARKETING_VERSION = 1.0;
				PRODUCT_BUNDLE_IDENTIFIER = com.tunnelflare.tests;
				PRODUCT_NAME = "$(TARGET_NAME)";
				SWIFT_EMIT_LOC_STRINGS = NO;
				SWIFT_VERSION = 5.0;
				TEST_HOST = "$(BUILT_PRODUCTS_DIR)/Tunnelflare.app/$(BUNDLE_EXECUTABLE_FOLDER_PATH)/Tunnelflare";
			};
			name = Debug;
		};
		9000000000000006 /* Release */ = {
			isa = XCBuildConfiguration;
			buildSettings = {
				BUNDLE_LOADER = "$(TEST_HOST)";
				CODE_SIGN_STYLE = Automatic;
				CURRENT_PROJECT_VERSION = 1;
				DEVELOPMENT_TEAM = "";
				GENERATE_INFOPLIST_FILE = YES;
				LIBRARY_SEARCH_PATHS = (
					"$(SRCROOT)/Tunnelflare/Core/API/Models",
					"$(SRCROOT)/Tunnelflare/Core/API/Endpoints",
				);
				MACOSX_DEPLOYMENT_TARGET = 14.0;
				MARKETING_VERSION = 1.0;
				PRODUCT_BUNDLE_IDENTIFIER = com.tunnelflare.tests;
				PRODUCT_NAME = "$(TARGET_NAME)";
				SWIFT_EMIT_LOC_STRINGS = NO;
				SWIFT_VERSION = 5.0;
				TEST_HOST = "$(BUILT_PRODUCTS_DIR)/Tunnelflare.app/$(BUNDLE_EXECUTABLE_FOLDER_PATH)/Tunnelflare";
			};
			name = Release;
		};
/* End XCBuildConfiguration section */

/* Begin XCConfigurationList section */
		7000000000000001 /* Build configuration list for PBXProject "Tunnelflare" */ = {
			isa = XCConfigurationList;
			buildConfigurations = (
				9000000000000001 /* Debug */,
				9000000000000002 /* Release */,
			);
			defaultConfigurationIsVisible = 0;
			defaultConfigurationName = Release;
		};
		7000000000000003 /* Build configuration list for PBXNativeTarget "Tunnelflare" */ = {
			isa = XCConfigurationList;
			buildConfigurations = (
				9000000000000003 /* Debug */,
				9000000000000004 /* Release */,
			);
			defaultConfigurationIsVisible = 0;
			defaultConfigurationName = Release;
		};
		7000000000000004 /* Build configuration list for PBXNativeTarget "TunnelflareTests" */ = {
			isa = XCConfigurationList;
			buildConfigurations = (
				9000000000000005 /* Debug */,
				9000000000000006 /* Release */,
			);
			defaultConfigurationIsVisible = 0;
			defaultConfigurationName = Release;
		};
/* End XCConfigurationList section */
	};
	rootObject = 8000000000000001 /* Project object */;
}
